{
  "name": "wall-e",
  "version": "1.0.0",
  "lockfileVersion": 1,
  "requires": true,
  "dependencies": {
    "x-fs": {
      "version": "git+https://bitbucket.org/eag1ex/xfs.git#83a258507c7e0c7ce127ef9eda4a60094798bb53",
      "from": "git+https://bitbucket.org/eag1ex/xfs.git"
    },
    "x-utils-es": {
      "version": "1.4.2",
      "resolved": "https://registry.npmjs.org/x-utils-es/-/x-utils-es-1.4.2.tgz",
      "integrity": "sha512-2imn9CtkEo42s+HiyEFdLpCgvzJcHDACpScPazSrU9XaEfv10pQaYv8sHzrxi9G8reqyeA1/m6sfXsL3r/FggA=="
    }
  }
}
